
Microsoft Visual Studio Solution File, Format Version 12.00
# Visual Studio Version 16
VisualStudioVersion = 16.0.33328.57
MinimumVisualStudioVersion = 10.0.40219.1
Project("{FAE04EC0-301F-11D3-BF4B-00C04F79EFBC}") = "Projeto_Xadrez-Console", "Projeto_Xadrez-Console\Projeto_Xadrez-Console.csproj", "{EF8FB662-277B-4EE7-A8FC-B3A2A89286E2}"
EndProject
Global
	GlobalSection(SolutionConfigurationPlatforms) = preSolution
		Debug|Any CPU = Debug|Any CPU
		Release|Any CPU = Release|Any CPU
	EndGlobalSection
	GlobalSection(ProjectConfigurationPlatforms) = postSolution
		{EF8FB662-277B-4EE7-A8FC-B3A2A89286E2}.Debug|Any CPU.ActiveCfg = Debug|Any CPU
		{EF8FB662-277B-4EE7-A8FC-B3A2A89286E2}.Debug|Any CPU.Build.0 = Debug|Any CPU
		{EF8FB662-277B-4EE7-A8FC-B3A2A89286E2}.Release|Any CPU.ActiveCfg = Release|Any CPU
		{EF8FB662-277B-4EE7-A8FC-B3A2A89286E2}.Release|Any CPU.Build.0 = Release|Any CPU
	EndGlobalSection
	GlobalSection(SolutionProperties) = preSolution
		HideSolutionNode = FALSE
	EndGlobalSection
	GlobalSection(ExtensibilityGlobals) = postSolution
		SolutionGuid = {926D45E4-93AF-4BB5-BCA6-87E9AB9FDE46}
	EndGlobalSection
EndGlobal
